{
  "version": 4,
  "terraform_version": "1.5.7",
  "serial": 27,
  "lineage": "72d6475d-ea60-16c8-0825-ffdd9e217196",
  "outputs": {
    "engine_mounts": {
      "value": [
        "aws",
        "azure",
        "gcp",
        "kubernetes-dev",
        "kubernetes-prod",
        "kubernetes-test",
        "ssh",
        "terraform",
        "transit"
      ],
      "type": [
        "tuple",
        [
          "string",
          "string",
          "string",
          "string",
          "string",
          "string",
          "string",
          "string",
          "string"
        ]
      ]
    },
    "kv_mounts": {
      "value": [
        "ansible",
        "cloudflare",
        "helix",
        "sinlessgames",
        "terraform-vars"
      ],
      "type": [
        "tuple",
        [
          "string",
          "string",
          "string",
          "string",
          "string"
        ]
      ]
    }
  },
  "resources": [
    {
      "mode": "managed",
      "type": "vault_mount",
      "name": "engine",
      "provider": "provider[\"registry.terraform.io/hashicorp/vault\"]",
      "instances": [
        {
          "index_key": "aws",
          "schema_version": 0,
          "attributes": {
            "accessor": "aws_e65ac5f9",
            "allowed_managed_keys": [],
            "allowed_response_headers": [],
            "audit_non_hmac_request_keys": [],
            "audit_non_hmac_response_keys": [],
            "default_lease_ttl_seconds": 3600,
            "delegated_auth_accessors": [],
            "description": "AWS secrets engine",
            "external_entropy_access": false,
            "force_no_cache": false,
            "id": "aws",
            "identity_token_key": "",
            "listing_visibility": "",
            "local": false,
            "max_lease_ttl_seconds": 86400,
            "namespace": null,
            "options": {},
            "passthrough_request_headers": [],
            "path": "aws",
            "plugin_version": null,
            "seal_wrap": false,
            "type": "aws"
          },
          "sensitive_attributes": [],
          "private": "bnVsbA=="
        },
        {
          "index_key": "azure",
          "schema_version": 0,
          "attributes": {
            "accessor": "azure_9ffe233d",
            "allowed_managed_keys": [],
            "allowed_response_headers": [],
            "audit_non_hmac_request_keys": [],
            "audit_non_hmac_response_keys": [],
            "default_lease_ttl_seconds": 3600,
            "delegated_auth_accessors": [],
            "description": "Azure secrets engine",
            "external_entropy_access": false,
            "force_no_cache": false,
            "id": "azure",
            "identity_token_key": "",
            "listing_visibility": "",
            "local": false,
            "max_lease_ttl_seconds": 86400,
            "namespace": null,
            "options": {},
            "passthrough_request_headers": [],
            "path": "azure",
            "plugin_version": null,
            "seal_wrap": false,
            "type": "azure"
          },
          "sensitive_attributes": [],
          "private": "bnVsbA=="
        },
        {
          "index_key": "gcp",
          "schema_version": 0,
          "attributes": {
            "accessor": "gcp_071e062c",
            "allowed_managed_keys": [],
            "allowed_response_headers": [],
            "audit_non_hmac_request_keys": [],
            "audit_non_hmac_response_keys": [],
            "default_lease_ttl_seconds": 3600,
            "delegated_auth_accessors": [],
            "description": "GCP secrets engine",
            "external_entropy_access": false,
            "force_no_cache": false,
            "id": "gcp",
            "identity_token_key": "",
            "listing_visibility": "",
            "local": false,
            "max_lease_ttl_seconds": 86400,
            "namespace": null,
            "options": {},
            "passthrough_request_headers": [],
            "path": "gcp",
            "plugin_version": null,
            "seal_wrap": false,
            "type": "gcp"
          },
          "sensitive_attributes": [],
          "private": "bnVsbA=="
        },
        {
          "index_key": "kubernetes-dev",
          "schema_version": 0,
          "attributes": {
            "accessor": "kubernetes_ab5e8565",
            "allowed_managed_keys": [],
            "allowed_response_headers": [],
            "audit_non_hmac_request_keys": [],
            "audit_non_hmac_response_keys": [],
            "default_lease_ttl_seconds": 0,
            "delegated_auth_accessors": [],
            "description": "Kubernetes dev secrets engine",
            "external_entropy_access": false,
            "force_no_cache": false,
            "id": "kubernetes-dev",
            "identity_token_key": "",
            "listing_visibility": "",
            "local": false,
            "max_lease_ttl_seconds": 0,
            "namespace": null,
            "options": {},
            "passthrough_request_headers": [],
            "path": "kubernetes-dev",
            "plugin_version": null,
            "seal_wrap": false,
            "type": "kubernetes"
          },
          "sensitive_attributes": [],
          "private": "bnVsbA=="
        },
        {
          "index_key": "kubernetes-prod",
          "schema_version": 0,
          "attributes": {
            "accessor": "kubernetes_1e6f0fb7",
            "allowed_managed_keys": [],
            "allowed_response_headers": [],
            "audit_non_hmac_request_keys": [],
            "audit_non_hmac_response_keys": [],
            "default_lease_ttl_seconds": 0,
            "delegated_auth_accessors": [],
            "description": "Kubernetes prod secrets engine",
            "external_entropy_access": false,
            "force_no_cache": false,
            "id": "kubernetes-prod",
            "identity_token_key": "",
            "listing_visibility": "",
            "local": false,
            "max_lease_ttl_seconds": 0,
            "namespace": null,
            "options": {},
            "passthrough_request_headers": [],
            "path": "kubernetes-prod",
            "plugin_version": null,
            "seal_wrap": false,
            "type": "kubernetes"
          },
          "sensitive_attributes": [],
          "private": "bnVsbA=="
        },
        {
          "index_key": "kubernetes-test",
          "schema_version": 0,
          "attributes": {
            "accessor": "kubernetes_ce79b5d9",
            "allowed_managed_keys": [],
            "allowed_response_headers": [],
            "audit_non_hmac_request_keys": [],
            "audit_non_hmac_response_keys": [],
            "default_lease_ttl_seconds": 0,
            "delegated_auth_accessors": [],
            "description": "Kubernetes test secrets engine",
            "external_entropy_access": false,
            "force_no_cache": false,
            "id": "kubernetes-test",
            "identity_token_key": "",
            "listing_visibility": "",
            "local": false,
            "max_lease_ttl_seconds": 0,
            "namespace": null,
            "options": {},
            "passthrough_request_headers": [],
            "path": "kubernetes-test",
            "plugin_version": null,
            "seal_wrap": false,
            "type": "kubernetes"
          },
          "sensitive_attributes": [],
          "private": "bnVsbA=="
        },
        {
          "index_key": "ssh",
          "schema_version": 0,
          "attributes": {
            "accessor": "ssh_e91c2996",
            "allowed_managed_keys": [],
            "allowed_response_headers": [],
            "audit_non_hmac_request_keys": [],
            "audit_non_hmac_response_keys": [],
            "default_lease_ttl_seconds": 0,
            "delegated_auth_accessors": [],
            "description": "SSH secrets engine",
            "external_entropy_access": false,
            "force_no_cache": false,
            "id": "ssh",
            "identity_token_key": "",
            "listing_visibility": "",
            "local": false,
            "max_lease_ttl_seconds": 0,
            "namespace": null,
            "options": {},
            "passthrough_request_headers": [],
            "path": "ssh",
            "plugin_version": null,
            "seal_wrap": false,
            "type": "ssh"
          },
          "sensitive_attributes": [],
          "private": "bnVsbA=="
        },
        {
          "index_key": "terraform",
          "schema_version": 0,
          "attributes": {
            "accessor": "terraform_bbf279db",
            "allowed_managed_keys": [],
            "allowed_response_headers": [],
            "audit_non_hmac_request_keys": [],
            "audit_non_hmac_response_keys": [],
            "default_lease_ttl_seconds": 0,
            "delegated_auth_accessors": [],
            "description": "Terraform secrets engine",
            "external_entropy_access": false,
            "force_no_cache": false,
            "id": "terraform",
            "identity_token_key": "",
            "listing_visibility": "",
            "local": false,
            "max_lease_ttl_seconds": 0,
            "namespace": null,
            "options": {},
            "passthrough_request_headers": [],
            "path": "terraform",
            "plugin_version": null,
            "seal_wrap": false,
            "type": "terraform"
          },
          "sensitive_attributes": [],
          "private": "bnVsbA=="
        },
        {
          "index_key": "transit",
          "schema_version": 0,
          "attributes": {
            "accessor": "transit_384e4dd5",
            "allowed_managed_keys": [],
            "allowed_response_headers": [],
            "audit_non_hmac_request_keys": [],
            "audit_non_hmac_response_keys": [],
            "default_lease_ttl_seconds": 0,
            "delegated_auth_accessors": [],
            "description": "Transit secrets engine",
            "external_entropy_access": false,
            "force_no_cache": false,
            "id": "transit",
            "identity_token_key": "",
            "listing_visibility": "",
            "local": false,
            "max_lease_ttl_seconds": 0,
            "namespace": null,
            "options": {},
            "passthrough_request_headers": [],
            "path": "transit",
            "plugin_version": null,
            "seal_wrap": false,
            "type": "transit"
          },
          "sensitive_attributes": [],
          "private": "bnVsbA=="
        }
      ]
    },
    {
      "mode": "managed",
      "type": "vault_mount",
      "name": "kv",
      "provider": "provider[\"registry.terraform.io/hashicorp/vault\"]",
      "instances": [
        {
          "index_key": "ansible",
          "schema_version": 0,
          "attributes": {
            "accessor": "kv_647ed20e",
            "allowed_managed_keys": [],
            "allowed_response_headers": [],
            "audit_non_hmac_request_keys": [],
            "audit_non_hmac_response_keys": [],
            "default_lease_ttl_seconds": 0,
            "delegated_auth_accessors": [],
            "description": "Ansible secrets (KV v2)",
            "external_entropy_access": false,
            "force_no_cache": false,
            "id": "ansible",
            "identity_token_key": "",
            "listing_visibility": "",
            "local": false,
            "max_lease_ttl_seconds": 0,
            "namespace": null,
            "options": {
              "version": "2"
            },
            "passthrough_request_headers": [],
            "path": "ansible",
            "plugin_version": null,
            "seal_wrap": false,
            "type": "kv"
          },
          "sensitive_attributes": [],
          "private": "bnVsbA=="
        },
        {
          "index_key": "cloudflare",
          "schema_version": 0,
          "attributes": {
            "accessor": "kv_65453aea",
            "allowed_managed_keys": [],
            "allowed_response_headers": [],
            "audit_non_hmac_request_keys": [],
            "audit_non_hmac_response_keys": [],
            "default_lease_ttl_seconds": 0,
            "delegated_auth_accessors": [],
            "description": "Cloudflare API tokens (KV v2)",
            "external_entropy_access": false,
            "force_no_cache": false,
            "id": "cloudflare",
            "identity_token_key": "",
            "listing_visibility": "",
            "local": false,
            "max_lease_ttl_seconds": 0,
            "namespace": null,
            "options": {
              "version": "2"
            },
            "passthrough_request_headers": [],
            "path": "cloudflare",
            "plugin_version": null,
            "seal_wrap": false,
            "type": "kv"
          },
          "sensitive_attributes": [],
          "private": "bnVsbA=="
        },
        {
          "index_key": "helix",
          "schema_version": 0,
          "attributes": {
            "accessor": "kv_2dff4526",
            "allowed_managed_keys": [],
            "allowed_response_headers": [],
            "audit_non_hmac_request_keys": [],
            "audit_non_hmac_response_keys": [],
            "default_lease_ttl_seconds": 0,
            "delegated_auth_accessors": [],
            "description": "Helix application secrets (KV v2)",
            "external_entropy_access": false,
            "force_no_cache": false,
            "id": "helix",
            "identity_token_key": "",
            "listing_visibility": "",
            "local": false,
            "max_lease_ttl_seconds": 0,
            "namespace": null,
            "options": {
              "version": "2"
            },
            "passthrough_request_headers": [],
            "path": "helix",
            "plugin_version": null,
            "seal_wrap": false,
            "type": "kv"
          },
          "sensitive_attributes": [],
          "private": "bnVsbA=="
        },
        {
          "index_key": "sinlessgames",
          "schema_version": 0,
          "attributes": {
            "accessor": "kv_9fc7b877",
            "allowed_managed_keys": [],
            "allowed_response_headers": [],
            "audit_non_hmac_request_keys": [],
            "audit_non_hmac_response_keys": [],
            "default_lease_ttl_seconds": 0,
            "delegated_auth_accessors": [],
            "description": "SinLess Games secrets (KV v2)",
            "external_entropy_access": false,
            "force_no_cache": false,
            "id": "sinlessgames",
            "identity_token_key": "",
            "listing_visibility": "",
            "local": false,
            "max_lease_ttl_seconds": 0,
            "namespace": null,
            "options": {
              "version": "2"
            },
            "passthrough_request_headers": [],
            "path": "sinlessgames",
            "plugin_version": null,
            "seal_wrap": false,
            "type": "kv"
          },
          "sensitive_attributes": [],
          "private": "bnVsbA=="
        },
        {
          "index_key": "terraform-vars",
          "schema_version": 0,
          "attributes": {
            "accessor": "kv_efdf0ac4",
            "allowed_managed_keys": [],
            "allowed_response_headers": [],
            "audit_non_hmac_request_keys": [],
            "audit_non_hmac_response_keys": [],
            "default_lease_ttl_seconds": 0,
            "delegated_auth_accessors": [],
            "description": "Terraform variables (KV v2)",
            "external_entropy_access": false,
            "force_no_cache": false,
            "id": "terraform-vars",
            "identity_token_key": "",
            "listing_visibility": "",
            "local": false,
            "max_lease_ttl_seconds": 0,
            "namespace": null,
            "options": {
              "version": "2"
            },
            "passthrough_request_headers": [],
            "path": "terraform-vars",
            "plugin_version": null,
            "seal_wrap": false,
            "type": "kv"
          },
          "sensitive_attributes": [],
          "private": "bnVsbA=="
        }
      ]
    },
    {
      "mode": "managed",
      "type": "vault_ssh_secret_backend_ca",
      "name": "ssh_ca",
      "provider": "provider[\"registry.terraform.io/hashicorp/vault\"]",
      "instances": [
        {
          "index_key": "ssh",
          "schema_version": 1,
          "attributes": {
            "backend": "ssh",
            "generate_signing_key": true,
            "id": "ssh",
            "key_bits": null,
            "key_type": "ssh-rsa",
            "managed_key_id": null,
            "managed_key_name": null,
            "namespace": null,
            "private_key": null,
            "public_key": "ssh-rsa AAAAB3NzaC1yc2EAAAADAQABAAACAQCwbEqJFjGlzELjDnHUbB4jIuATDIcWg7bwCtC1gQwvur8QUPzDmUvriRCQd/K6zhHA28vF2pXHWGcWursNsKY4ov9QTPuyiPrj5lRErnz/A3Qa33zmAMBbZeXqcKONh6nf25GfScAWevlt6Leb0yySRuO2wh3F9E1GC7uQx48QZtyuqSU0dIPDnsTgxxHSWqq4JVC1WskHHdhr83ANydKYbwPFi4WE0jJjdUyom17+exl2LYuTZG8fMA1LgcYCh5wByYSIgYlcwI+nBm5HpL2HhxFJkagwEgtXEGZ11xzlddu5N4hy0LVR/ocEQbxs6fVNd9EGBHzlhNOaCbDveQMtUsJBUHsUFnbs+c0pGrI5S9l7esP3n69sKihOZ9sysv2mW+tIGWcMJAAd+kxT4C3ZJZYiweOQrskiYXANSKdJShq5D5Y4z6hyQqzlLS8EhCnbAXxH/Y7kCjMuTw6tFnsKr24XnFRultZh2qrlCf63H9svenjucWMnImTVISXBxFj9cOgj7SS59ySpgmnLPiRXIw/KGr7cCtsMp+EC70zhDkdETBivVKQceOeHfoMBmB5B5OkLlhzB87czJl59OLE4bHpK6v6n+h3chr1jWC+U8vgYx/5t4n3fXW/qjXJ3DpTKTMmRUcygmD7v/doGj5XAJsgEC6dDPpI0Yl/JbNPXrw==\n"
          },
          "sensitive_attributes": [],
          "private": "eyJzY2hlbWFfdmVyc2lvbiI6IjEifQ==",
          "dependencies": [
            "vault_mount.engine"
          ]
        }
      ]
    },
    {
      "mode": "managed",
      "type": "vault_ssh_secret_backend_role",
      "name": "ssh_role",
      "provider": "provider[\"registry.terraform.io/hashicorp/vault\"]",
      "instances": [
        {
          "index_key": "ssh.default",
          "schema_version": 0,
          "attributes": {
            "algorithm_signer": "default",
            "allow_bare_domains": false,
            "allow_empty_principals": false,
            "allow_host_certificates": false,
            "allow_subdomains": false,
            "allow_user_certificates": true,
            "allow_user_key_ids": false,
            "allowed_critical_options": "",
            "allowed_domains": "",
            "allowed_domains_template": false,
            "allowed_extensions": "",
            "allowed_user_key_config": [],
            "allowed_users": "ubuntu,root",
            "allowed_users_template": false,
            "backend": "ssh",
            "cidr_list": "",
            "default_critical_options": null,
            "default_extensions": null,
            "default_user": "ubuntu",
            "default_user_template": false,
            "id": "ssh/roles/default",
            "key_id_format": "",
            "key_type": "ca",
            "max_ttl": "0",
            "name": "default",
            "namespace": null,
            "not_before_duration": "30",
            "ttl": "1800"
          },
          "sensitive_attributes": [],
          "private": "bnVsbA==",
          "dependencies": [
            "vault_ssh_secret_backend_ca.ssh_ca"
          ]
        }
      ]
    },
    {
      "mode": "managed",
      "type": "vault_transit_secret_backend_key",
      "name": "transit_key",
      "provider": "provider[\"registry.terraform.io/hashicorp/vault\"]",
      "instances": [
        {
          "index_key": "transit.helix",
          "schema_version": 0,
          "attributes": {
            "allow_plaintext_backup": false,
            "auto_rotate_period": 0,
            "backend": "transit",
            "context": null,
            "convergent_encryption": false,
            "deletion_allowed": false,
            "derived": false,
            "exportable": false,
            "hybrid_key_type_ec": null,
            "hybrid_key_type_pqc": null,
            "id": "transit/keys/helix",
            "key_size": 0,
            "keys": [
              {
                "id": "1770853975"
              }
            ],
            "latest_version": 1,
            "managed_key_id": null,
            "managed_key_name": null,
            "min_available_version": 0,
            "min_decryption_version": 1,
            "min_encryption_version": 0,
            "name": "helix",
            "namespace": null,
            "parameter_set": null,
            "supports_decryption": true,
            "supports_derivation": true,
            "supports_encryption": true,
            "supports_signing": false,
            "type": "aes256-gcm96"
          },
          "sensitive_attributes": [],
          "private": "bnVsbA==",
          "dependencies": [
            "vault_mount.engine"
          ]
        },
        {
          "index_key": "transit.sinlessgames",
          "schema_version": 0,
          "attributes": {
            "allow_plaintext_backup": false,
            "auto_rotate_period": 0,
            "backend": "transit",
            "context": null,
            "convergent_encryption": false,
            "deletion_allowed": false,
            "derived": false,
            "exportable": false,
            "hybrid_key_type_ec": null,
            "hybrid_key_type_pqc": null,
            "id": "transit/keys/sinlessgames",
            "key_size": 0,
            "keys": [
              {
                "id": "1770853975"
              }
            ],
            "latest_version": 1,
            "managed_key_id": null,
            "managed_key_name": null,
            "min_available_version": 0,
            "min_decryption_version": 1,
            "min_encryption_version": 0,
            "name": "sinlessgames",
            "namespace": null,
            "parameter_set": null,
            "supports_decryption": true,
            "supports_derivation": true,
            "supports_encryption": true,
            "supports_signing": false,
            "type": "aes256-gcm96"
          },
          "sensitive_attributes": [],
          "private": "bnVsbA==",
          "dependencies": [
            "vault_mount.engine"
          ]
        }
      ]
    }
  ],
  "check_results": null
}
